// !$*UTF8*$!
{
	archiveVersion = 1;
	classes = {
	};
	objectVersion = 50;
	objects = {

/* Begin PBXBuildFile section */
		7CB6E3152104DBE50068196A /* AppDelegate.swift in Sources */ = {isa = PBXBuildFile; fileRef = 7CB6E3142104DBE50068196A /* AppDelegate.swift */; };
		7CB6E3172104DBE50068196A /* ViewController.swift in Sources */ = {isa = PBXBuildFile; fileRef = 7CB6E3162104DBE50068196A /* ViewController.swift */; };
		7CB6E31A2104DBE50068196A /* Main.storyboard in Resources */ = {isa = PBXBuildFile; fileRef = 7CB6E3182104DBE50068196A /* Main.storyboard */; };
		7CB6E31C2104DBE60068196A /* Assets.xcassets in Resources */ = {isa = PBXBuildFile; fileRef = 7CB6E31B2104DBE60068196A /* Assets.xcassets */; };
		7CB6E31F2104DBE60068196A /* LaunchScreen.storyboard in Resources */ = {isa = PBXBuildFile; fileRef = 7CB6E31D2104DBE60068196A /* LaunchScreen.storyboard */; };
		A230B6E7EDCE34E6B2DB9FB1 /* Pods_BTC.framework in Frameworks */ = {isa = PBXBuildFile; fileRef = 297C61B016725B5396FDDA76 /* Pods_BTC.framework */; };
/* End PBXBuildFile section */

/* Begin PBXFileReference section */
		297C61B016725B5396FDDA76 /* Pods_BTC.framework */ = {isa = PBXFileReference; explicitFileType = wrapper.framework; includeInIndex = 0; path = Pods_BTC.framework; sourceTree = BUILT_PRODUCTS_DIR; };
		35C448C695634D8F9DB9DEDC /* Pods-BTC.debug.xcconfig */ = {isa = PBXFileReference; includeInIndex = 1; lastKnownFileType = text.xcconfig; name = "Pods-BTC.debug.xcconfig"; path = "Pods/Target Support Files/Pods-BTC/Pods-BTC.debug.xcconfig"; sourceTree = "<group>"; };
		7CB6E3112104DBE50068196A /* BTC.app */ = {isa = PBXFileReference; explicitFileType = wrapper.application; includeInIndex = 0; path = BTC.app; sourceTree = BUILT_PRODUCTS_DIR; };
		7CB6E3142104DBE50068196A /* AppDelegate.swift */ = {isa = PBXFileReference; lastKnownFileType = sourcecode.swift; path = AppDelegate.swift; sourceTree = "<group>"; };
		7CB6E3162104DBE50068196A /* ViewController.swift */ = {isa = PBXFileReference; lastKnownFileType = sourcecode.swift; path = ViewController.swift; sourceTree = "<group>"; };
		7CB6E3192104DBE50068196A /* Base */ = {isa = PBXFileReference; lastKnownFileType = file.storyboard; name = Base; path = Base.lproj/Main.storyboard; sourceTree = "<group>"; };
		7CB6E31B2104DBE60068196A /* Assets.xcassets */ = {isa = PBXFileReference; lastKnownFileType = folder.assetcatalog; path = Assets.xcassets; sourceTree = "<group>"; };
		7CB6E31E2104DBE60068196A /* Base */ = {isa = PBXFileReference; lastKnownFileType = file.storyboard; name = Base; path = Base.lproj/LaunchScreen.storyboard; sourceTree = "<group>"; };
		7CB6E3202104DBE60068196A /* Info.plist */ = {isa = PBXFileReference; lastKnownFileType = text.plist.xml; path = Info.plist; sourceTree = "<group>"; };
		DC2227DE69FBC32C15FE7FB6 /* Pods-BTC.release.xcconfig */ = {isa = PBXFileReference; includeInIndex = 1; lastKnownFileType = text.xcconfig; name = "Pods-BTC.release.xcconfig"; path = "Pods/Target Support Files/Pods-BTC/Pods-BTC.release.xcconfig"; sourceTree = "<group>"; };
/* End PBXFileReference section */

/* Begin PBXFrameworksBuildPhase section */
		7CB6E30E2104DBE50068196A /* Frameworks */ = {
			isa = PBXFrameworksBuildPhase;
			buildActionMask = 2147483647;
			files = (
				A230B6E7EDCE34E6B2DB9FB1 /* Pods_BTC.framework in Frameworks */,
			);
			runOnlyForDeploymentPostprocessing = 0;
		};
/* End PBXFrameworksBuildPhase section */

/* Begin PBXGroup section */
		2D2C99DB22200D2F001EF207 /* Controller */ = {
			isa = PBXGroup;
			children = (
				7CB6E3142104DBE50068196A /* AppDelegate.swift */,
				7CB6E3162104DBE50068196A /* ViewController.swift */,
			);
			path = Controller;
			sourceTree = "<group>";
		};
		2D2C99DC22200D54001EF207 /* Views */ = {
			isa = PBXGroup;
			children = (
				7CB6E3182104DBE50068196A /* Main.storyboard */,
				7CB6E31D2104DBE60068196A /* LaunchScreen.storyboard */,
			);
			path = Views;
			sourceTree = "<group>";
		};
		3FA787897B85178321E60966 /* Pods */ = {
			isa = PBXGroup;
			children = (
				35C448C695634D8F9DB9DEDC /* Pods-BTC.debug.xcconfig */,
				DC2227DE69FBC32C15FE7FB6 /* Pods-BTC.release.xcconfig */,
			);
			name = Pods;
			sourceTree = "<group>";
		};
		7CB6E3082104DBE50068196A = {
			isa = PBXGroup;
			children = (
				7CB6E3132104DBE50068196A /* BTC */,
				7CB6E3122104DBE50068196A /* Products */,
				3FA787897B85178321E60966 /* Pods */,
				F8ECD6AED067751868459033 /* Frameworks */,
			);
			sourceTree = "<group>";
		};
		7CB6E3122104DBE50068196A /* Products */ = {
			isa = PBXGroup;
			children = (
				7CB6E3112104DBE50068196A /* BTC.app */,
			);
			name = Products;
			sourceTree = "<group>";
		};
		7CB6E3132104DBE50068196A /* BTC */ = {
			isa = PBXGroup;
			children = (
				2D2C99DC22200D54001EF207 /* Views */,
				2D2C99DB22200D2F001EF207 /* Controller */,
				7CB6E31B2104DBE60068196A /* Assets.xcassets */,
				7CB6E3202104DBE60068196A /* Info.plist */,
			);
			path = BTC;
			sourceTree = "<group>";
		};
		F8ECD6AED067751868459033 /* Frameworks */ = {
			isa = PBXGroup;
			children = (
				297C61B016725B5396FDDA76 /* Pods_BTC.framework */,
			);
			name = Frameworks;
			sourceTree = "<group>";
		};
/* End PBXGroup section */

/* Begin PBXNativeTarget section */
		7CB6E3102104DBE50068196A /* BTC */ = {
			isa = PBXNativeTarget;
			buildConfigurationList = 7CB6E3232104DBE60068196A /* Build configuration list for PBXNativeTarget "BTC" */;
			buildPhases = (
				D634CC0C6422B9BDC76BC0E8 /* [CP] Check Pods Manifest.lock */,
				7CB6E30D2104DBE50068196A /* Sources */,
				7CB6E30E2104DBE50068196A /* Frameworks */,
				7CB6E30F2104DBE50068196A /* Resources */,
				F1FEF7AA01D327FECA7EAD41 /* [CP] Embed Pods Frameworks */,
			);
			buildRules = (
			);
			dependencies = (
			);
			name = BTC;
			productName = BTC;
			productReference = 7CB6E3112104DBE50068196A /* BTC.app */;
			productType = "com.apple.product-type.application";
		};
/* End PBXNativeTarget section */

/* Begin PBXProject section */
		7CB6E3092104DBE50068196A /* Project object */ = {
			isa = PBXProject;
			attributes = {
				LastSwiftUpdateCheck = 0940;
				LastUpgradeCheck = 0940;
				ORGANIZATIONNAME = "Joseph Nimoson";
				TargetAttributes = {
					7CB6E3102104DBE50068196A = {
						CreatedOnToolsVersion = 9.4.1;
					};
				};
			};
			buildConfigurationList = 7CB6E30C2104DBE50068196A /* Build configuration list for PBXProject "BTC" */;
			compatibilityVersion = "Xcode 9.3";
			developmentRegion = en;
			hasScannedForEncodings = 0;
			knownRegions = (
				en,
				Base,
			);
			mainGroup = 7CB6E3082104DBE50068196A;
			productRefGroup = 7CB6E3122104DBE50068196A /* Products */;
			projectDirPath = "";
			projectRoot = "";
			targets = (
				7CB6E3102104DBE50068196A /* BTC */,
			);
		};
/* End PBXProject section */

/* Begin PBXResourcesBuildPhase section */
		7CB6E30F2104DBE50068196A /* Resources */ = {
			isa = PBXResourcesBuildPhase;
			buildActionMask = 2147483647;
			files = (
				7CB6E31F2104DBE60068196A /* LaunchScreen.storyboard in Resources */,
				7CB6E31C2104DBE60068196A /* Assets.xcassets in Resources */,
				7CB6E31A2104DBE50068196A /* Main.storyboard in Resources */,
			);
			runOnlyForDeploymentPostprocessing = 0;
		};
/* End PBXResourcesBuildPhase section */

/* Begin PBXShellScriptBuildPhase section */
		D634CC0C6422B9BDC76BC0E8 /* [CP] Check Pods Manifest.lock */ = {
			isa = PBXShellScriptBuildPhase;
			buildActionMask = 2147483647;
			files = (
			);
			inputPaths = (
				"${PODS_PODFILE_DIR_PATH}/Podfile.lock",
				"${PODS_ROOT}/Manifest.lock",
			);
			name = "[CP] Check Pods Manifest.lock";
			outputPaths = (
				"$(DERIVED_FILE_DIR)/Pods-BTC-checkManifestLockResult.txt",
			);
			runOnlyForDeploymentPostprocessing = 0;
			shellPath = /bin/sh;
			shellScript = "diff \"${PODS_PODFILE_DIR_PATH}/Podfile.lock\" \"${PODS_ROOT}/Manifest.lock\" > /dev/null\nif [ $? != 0 ] ; then\n    # print error to STDERR\n    echo \"error: The sandbox is not in sync with the Podfile.lock. Run 'pod install' or update your CocoaPods installation.\" >&2\n    exit 1\nfi\n# This output is used by Xcode 'outputs' to avoid re-running this script phase.\necho \"SUCCESS\" > \"${SCRIPT_OUTPUT_FILE_0}\"\n";
			showEnvVarsInLog = 0;
		};
		F1FEF7AA01D327FECA7EAD41 /* [CP] Embed Pods Frameworks */ = {
			isa = PBXShellScriptBuildPhase;
			buildActionMask = 2147483647;
			files = (
			);
			inputPaths = (
				"${SRCROOT}/Pods/Target Support Files/Pods-BTC/Pods-BTC-frameworks.sh",
				"${BUILT_PRODUCTS_DIR}/Alamofire/Alamofire.framework",
				"${BUILT_PRODUCTS_DIR}/SwiftyJSON/SwiftyJSON.framework",
			);
			name = "[CP] Embed Pods Frameworks";
			outputPaths = (
				"${TARGET_BUILD_DIR}/${FRAMEWORKS_FOLDER_PATH}/Alamofire.framework",
				"${TARGET_BUILD_DIR}/${FRAMEWORKS_FOLDER_PATH}/SwiftyJSON.framework",
			);
			runOnlyForDeploymentPostprocessing = 0;
			shellPath = /bin/sh;
			shellScript = "\"${SRCROOT}/Pods/Target Support Files/Pods-BTC/Pods-BTC-frameworks.sh\"\n";
			showEnvVarsInLog = 0;
		};
/* End PBXShellScriptBuildPhase section */

/* Begin PBXSourcesBuildPhase section */
		7CB6E30D2104DBE50068196A /* Sources */ = {
			isa = PBXSourcesBuildPhase;
			buildActionMask = 2147483647;
			files = (
				7CB6E3172104DBE50068196A /* ViewController.swift in Sources */,
				7CB6E3152104DBE50068196A /* AppDelegate.swift in Sources */,
			);
			runOnlyForDeploymentPostprocessing = 0;
		};
/* End PBXSourcesBuildPhase section */

/* Begin PBXVariantGroup section */
		7CB6E3182104DBE50068196A /* Main.storyboard */ = {
			isa = PBXVariantGroup;
			children = (
				7CB6E3192104DBE50068196A /* Base */,
			);
			name = Main.storyboard;
			sourceTree = "<group>";
		};
		7CB6E31D2104DBE60068196A /* LaunchScreen.storyboard */ = {
			isa = PBXVariantGroup;
			children = (
				7CB6E31E2104DBE60068196A /* Base */,
			);
			name = LaunchScreen.storyboard;
			sourceTree = "<group>";
		};
/* End PBXVariantGroup section */

/* Begin XCBuildConfiguration section */
		7CB6E3212104DBE60068196A /* Debug */ = {
			isa = XCBuildConfiguration;
			buildSettings = {
				ALWAYS_SEARCH_USER_PATHS = NO;
				CLANG_ANALYZER_NONNULL = YES;
				CLANG_ANALYZER_NUMBER_OBJECT_CONVERSION = YES_AGGRESSIVE;
				CLANG_CXX_LANGUAGE_STANDARD = "gnu++14";
				CLANG_CXX_LIBRARY = "libc++";
				CLANG_ENABLE_MODULES = YES;
				CLANG_ENABLE_OBJC_ARC = YES;
				CLANG_ENABLE_OBJC_WEAK = YES;
				CLANG_WARN_BLOCK_CAPTURE_AUTORELEASING = YES;
				CLANG_WARN_BOOL_CONVERSION = YES;
				CLANG_WARN_COMMA = YES;
				CLANG_WARN_CONSTANT_CONVERSION = YES;
				CLANG_WARN_DEPRECATED_OBJC_IMPLEMENTATIONS = YES;
				CLANG_WARN_DIRECT_OBJC_ISA_USAGE = YES_ERROR;
				CLANG_WARN_DOCUMENTATION_COMMENTS = YES;
				CLANG_WARN_EMPTY_BODY = YES;
				CLANG_WARN_ENUM_CONVERSION = YES;
				CLANG_WARN_INFINITE_RECURSION = YES;
				CLANG_WARN_INT_CONVERSION = YES;
				CLANG_WARN_NON_LITERAL_NULL_CONVERSION = YES;
				CLANG_WARN_OBJC_IMPLICIT_RETAIN_SELF = YES;
				CLANG_WARN_OBJC_LITERAL_CONVERSION = YES;
				CLANG_WARN_OBJC_ROOT_CLASS = YES_ERROR;
				CLANG_WARN_RANGE_LOOP_ANALYSIS = YES;
				CLANG_WARN_STRICT_PROTOTYPES = YES;
				CLANG_WARN_SUSPICIOUS_MOVE = YES;
				CLANG_WARN_UNGUARDED_AVAILABILITY = YES_AGGRESSIVE;
				CLANG_WARN_UNREACHABLE_CODE = YES;
				CLANG_WARN__DUPLICATE_METHOD_MATCH = YES;
				CODE_SIGN_IDENTITY = "iPhone Developer";
				COPY_PHASE_STRIP = NO;
				DEBUG_INFORMATION_FORMAT = dwarf;
				ENABLE_STRICT_OBJC_MSGSEND = YES;
				ENABLE_TESTABILITY = YES;
				GCC_C_LANGUAGE_STANDARD = gnu11;
				GCC_DYNAMIC_NO_PIC = NO;
				GCC_NO_COMMON_BLOCKS = YES;
				GCC_OPTIMIZATION_LEVEL = 0;
				GCC_PREPROCESSOR_DEFINITIONS = (
					"DEBUG=1",
					"$(inherited)",
				);
				GCC_WARN_64_TO_32_BIT_CONVERSION = YES;
				GCC_WARN_ABOUT_RETURN_TYPE = YES_ERROR;
				GCC_WARN_UNDECLARED_SELECTOR = YES;
				GCC_WARN_UNINITIALIZED_AUTOS = YES_AGGRESSIVE;
				GCC_WARN_UNUSED_FUNCTION = YES;
				GCC_WARN_UNUSED_VARIABLE = YES;
				IPHONEOS_DEPLOYMENT_TARGET = 11.4;
				MTL_ENABLE_DEBUG_INFO = YES;
				ONLY_ACTIVE_ARCH = YES;
				SDKROOT = iphoneos;
				SWIFT_ACTIVE_COMPILATION_CONDITIONS = DEBUG;
				SWIFT_OPTIMIZATION_LEVEL = "-Onone";
			};
			name = Debug;
		};
		7CB6E3222104DBE60068196A /* Release */ = {
			isa = XCBuildConfiguration;
			buildSettings = {
				ALWAYS_SEARCH_USER_PATHS = NO;
				CLANG_ANALYZER_NONNULL = YES;
				CLANG_ANALYZER_NUMBER_OBJECT_CONVERSION = YES_AGGRESSIVE;
				CLANG_CXX_LANGUAGE_STANDARD = "gnu++14";
				CLANG_CXX_LIBRARY = "libc++";
				CLANG_ENABLE_MODULES = YES;
				CLANG_ENABLE_OBJC_ARC = YES;
				CLANG_ENABLE_OBJC_WEAK = YES;
				CLANG_WARN_BLOCK_CAPTURE_AUTORELEASING = YES;
				CLANG_WARN_BOOL_CONVERSION = YES;
				CLANG_WARN_COMMA = YES;
				CLANG_WARN_CONSTANT_CONVERSION = YES;
				CLANG_WARN_DEPRECATED_OBJC_IMPLEMENTATIONS = YES;
				CLANG_WARN_DIRECT_OBJC_ISA_USAGE = YES_ERROR;
				CLANG_WARN_DOCUMENTATION_COMMENTS = YES;
				CLANG_WARN_EMPTY_BODY = YES;
				CLANG_WARN_ENUM_CONVERSION = YES;
				CLANG_WARN_INFINITE_RECURSION = YES;
				CLANG_WARN_INT_CONVERSION = YES;
				CLANG_WARN_NON_LITERAL_NULL_CONVERSION = YES;
				CLANG_WARN_OBJC_IMPLICIT_RETAIN_SELF = YES;
				CLANG_WARN_OBJC_LITERAL_CONVERSION = YES;
				CLANG_WARN_OBJC_ROOT_CLASS = YES_ERROR;
				CLANG_WARN_RANGE_LOOP_ANALYSIS = YES;
				CLANG_WARN_STRICT_PROTOTYPES = YES;
				CLANG_WARN_SUSPICIOUS_MOVE = YES;
				CLANG_WARN_UNGUARDED_AVAILABILITY = YES_AGGRESSIVE;
				CLANG_WARN_UNREACHABLE_CODE = YES;
				CLANG_WARN__DUPLICATE_METHOD_MATCH = YES;
				CODE_SIGN_IDENTITY = "iPhone Developer";
				COPY_PHASE_STRIP = NO;
				DEBUG_INFORMATION_FORMAT = "dwarf-with-dsym";
				ENABLE_NS_ASSERTIONS = NO;
				ENABLE_STRICT_OBJC_MSGSEND = YES;
				GCC_C_LANGUAGE_STANDARD = gnu11;
				GCC_NO_COMMON_BLOCKS = YES;
				GCC_WARN_64_TO_32_BIT_CONVERSION = YES;
				GCC_WARN_ABOUT_RETURN_TYPE = YES_ERROR;
				GCC_WARN_UNDECLARED_SELECTOR = YES;
				GCC_WARN_UNINITIALIZED_AUTOS = YES_AGGRESSIVE;
				GCC_WARN_UNUSED_FUNCTION = YES;
				GCC_WARN_UNUSED_VARIABLE = YES;
				IPHONEOS_DEPLOYMENT_TARGET = 11.4;
				MTL_ENABLE_DEBUG_INFO = NO;
				SDKROOT = iphoneos;
				SWIFT_COMPILATION_MODE = wholemodule;
				SWIFT_OPTIMIZATION_LEVEL = "-O";
				VALIDATE_PRODUCT = YES;
			};
			name = Release;
		};
		7CB6E3242104DBE60068196A /* Debug */ = {
			isa = XCBuildConfiguration;
			baseConfigurationReference = 35C448C695634D8F9DB9DEDC /* Pods-BTC.debug.xcconfig */;
			buildSettings = {
				ASSETCATALOG_COMPILER_APPICON_NAME = AppIcon;
				CODE_SIGN_STYLE = Automatic;
				DEVELOPMENT_TEAM = 76AK25N54Q;
				INFOPLIST_FILE = BTC/Info.plist;
				LD_RUNPATH_SEARCH_PATHS = (
					"$(inherited)",
					"@executable_path/Frameworks",
				);
				PRODUCT_BUNDLE_IDENTIFIER = com.josephnimoson.BTC;
				PRODUCT_NAME = "$(TARGET_NAME)";
				SWIFT_VERSION = 4.0;
				TARGETED_DEVICE_FAMILY = "1,2";
			};
			name = Debug;
		};
		7CB6E3252104DBE60068196A /* Release */ = {
			isa = XCBuildConfiguration;
			baseConfigurationReference = DC2227DE69FBC32C15FE7FB6 /* Pods-BTC.release.xcconfig */;
			buildSettings = {
				ASSETCATALOG_COMPILER_APPICON_NAME = AppIcon;
				CODE_SIGN_STYLE = Automatic;
				DEVELOPMENT_TEAM = 76AK25N54Q;
				INFOPLIST_FILE = BTC/Info.plist;
				LD_RUNPATH_SEARCH_PATHS = (
					"$(inherited)",
					"@executable_path/Frameworks",
				);
				PRODUCT_BUNDLE_IDENTIFIER = com.josephnimoson.BTC;
				PRODUCT_NAME = "$(TARGET_NAME)";
				SWIFT_VERSION = 4.0;
				TARGETED_DEVICE_FAMILY = "1,2";
			};
			name = Release;
		};
/* End XCBuildConfiguration section */

/* Begin XCConfigurationList section */
		7CB6E30C2104DBE50068196A /* Build configuration list for PBXProject "BTC" */ = {
			isa = XCConfigurationList;
			buildConfigurations = (
				7CB6E3212104DBE60068196A /* Debug */,
				7CB6E3222104DBE60068196A /* Release */,
			);
			defaultConfigurationIsVisible = 0;
			defaultConfigurationName = Release;
		};
		7CB6E3232104DBE60068196A /* Build configuration list for PBXNativeTarget "BTC" */ = {
			isa = XCConfigurationList;
			buildConfigurations = (
				7CB6E3242104DBE60068196A /* Debug */,
				7CB6E3252104DBE60068196A /* Release */,
			);
			defaultConfigurationIsVisible = 0;
			defaultConfigurationName = Release;
		};
/* End XCConfigurationList section */
	};
	rootObject = 7CB6E3092104DBE50068196A /* Project object */;
}
